
Microsoft Visual Studio Solution File, Format Version 12.00
# Visual Studio 15
Project("{FAE04EC0-301F-11D3-BF4B-00C04F79EFBC}") = "Assembly-CSharp", "Assembly-CSharp.csproj", "{AAE99626-028F-D06D-2B74-32BE995C5F92}"
EndProject
Project("{FAE04EC0-301F-11D3-BF4B-00C04F79EFBC}") = "Assembly-CSharp-Editor", "Assembly-CSharp-Editor.csproj", "{99545CE9-847D-20D5-2FAA-ABC062784720}"
EndProject
Global
	GlobalSection(SolutionConfigurationPlatforms) = preSolution
		Debug|Any CPU = Debug|Any CPU
		Release|Any CPU = Release|Any CPU
	EndGlobalSection
	GlobalSection(ProjectConfigurationPlatforms) = postSolution
		{AAE99626-028F-D06D-2B74-32BE995C5F92}.Debug|Any CPU.ActiveCfg = Debug|Any CPU
		{AAE99626-028F-D06D-2B74-32BE995C5F92}.Debug|Any CPU.Build.0 = Debug|Any CPU
		{AAE99626-028F-D06D-2B74-32BE995C5F92}.Release|Any CPU.ActiveCfg = Release|Any CPU
		{AAE99626-028F-D06D-2B74-32BE995C5F92}.Release|Any CPU.Build.0 = Release|Any CPU
		{99545CE9-847D-20D5-2FAA-ABC062784720}.Debug|Any CPU.ActiveCfg = Debug|Any CPU
		{99545CE9-847D-20D5-2FAA-ABC062784720}.Debug|Any CPU.Build.0 = Debug|Any CPU
		{99545CE9-847D-20D5-2FAA-ABC062784720}.Release|Any CPU.ActiveCfg = Release|Any CPU
		{99545CE9-847D-20D5-2FAA-ABC062784720}.Release|Any CPU.Build.0 = Release|Any CPU
	EndGlobalSection
	GlobalSection(SolutionProperties) = preSolution
		HideSolutionNode = FALSE
	EndGlobalSection
EndGlobal
